
Microsoft Visual Studio Solution File, Format Version 12.00
# Visual Studio Version 17
VisualStudioVersion = 17.14.36212.18 d17.14
MinimumVisualStudioVersion = 10.0.40219.1
Project("{FAE04EC0-301F-11D3-BF4B-00C04F79EFBC}") = "RestSharpAPIAutomation", "RestSharpAPIAutomation.csproj", "{BED81DF3-2B93-4C8D-9228-FF1D3D41CDAB}"
EndProject
Global
	GlobalSection(SolutionConfigurationPlatforms) = preSolution
		Debug|Any CPU = Debug|Any CPU
		Release|Any CPU = Release|Any CPU
	EndGlobalSection
	GlobalSection(ProjectConfigurationPlatforms) = postSolution
		{BED81DF3-2B93-4C8D-9228-FF1D3D41CDAB}.Debug|Any CPU.ActiveCfg = Debug|Any CPU
		{BED81DF3-2B93-4C8D-9228-FF1D3D41CDAB}.Debug|Any CPU.Build.0 = Debug|Any CPU
		{BED81DF3-2B93-4C8D-9228-FF1D3D41CDAB}.Release|Any CPU.ActiveCfg = Release|Any CPU
		{BED81DF3-2B93-4C8D-9228-FF1D3D41CDAB}.Release|Any CPU.Build.0 = Release|Any CPU
	EndGlobalSection
	GlobalSection(SolutionProperties) = preSolution
		HideSolutionNode = FALSE
	EndGlobalSection
	GlobalSection(ExtensibilityGlobals) = postSolution
		SolutionGuid = {9FF11E98-5C27-404F-B584-01F56B54FDE0}
	EndGlobalSection
EndGlobal
